
Microsoft Visual Studio Solution File, Format Version 12.00
# Visual Studio 14
VisualStudioVersion = 14.0.23107.0
MinimumVisualStudioVersion = 10.0.40219.1
Project("{FAE04EC0-301F-11D3-BF4B-00C04F79EFBC}") = "KursBDFinal", "KursBDFinal\KursBDFinal.csproj", "{BBFB8C25-1E8C-4037-B61B-50FD4E449AC8}"
EndProject
Global
	GlobalSection(SolutionConfigurationPlatforms) = preSolution
		Debug|Any CPU = Debug|Any CPU
		Release|Any CPU = Release|Any CPU
	EndGlobalSection
	GlobalSection(ProjectConfigurationPlatforms) = postSolution
		{BBFB8C25-1E8C-4037-B61B-50FD4E449AC8}.Debug|Any CPU.ActiveCfg = Debug|Any CPU
		{BBFB8C25-1E8C-4037-B61B-50FD4E449AC8}.Debug|Any CPU.Build.0 = Debug|Any CPU
		{BBFB8C25-1E8C-4037-B61B-50FD4E449AC8}.Release|Any CPU.ActiveCfg = Release|Any CPU
		{BBFB8C25-1E8C-4037-B61B-50FD4E449AC8}.Release|Any CPU.Build.0 = Release|Any CPU
	EndGlobalSection
	GlobalSection(SolutionProperties) = preSolution
		HideSolutionNode = FALSE
	EndGlobalSection
EndGlobal
